
Microsoft Visual Studio Solution File, Format Version 12.00
# Visual Studio Version 16
VisualStudioVersion = 16.0.31729.503
MinimumVisualStudioVersion = 10.0.40219.1
Project("{FAE04EC0-301F-11D3-BF4B-00C04F79EFBC}") = "Family", "..\..\..\..\..\..\source\repos\Family\Family.csproj", "{1A0B5963-7033-4F6E-9E8A-190452C3449F}"
EndProject
Global
	GlobalSection(SolutionConfigurationPlatforms) = preSolution
		Debug|Any CPU = Debug|Any CPU
		Release|Any CPU = Release|Any CPU
	EndGlobalSection
	GlobalSection(ProjectConfigurationPlatforms) = postSolution
		{1A0B5963-7033-4F6E-9E8A-190452C3449F}.Debug|Any CPU.ActiveCfg = Debug|Any CPU
		{1A0B5963-7033-4F6E-9E8A-190452C3449F}.Debug|Any CPU.Build.0 = Debug|Any CPU
		{1A0B5963-7033-4F6E-9E8A-190452C3449F}.Release|Any CPU.ActiveCfg = Release|Any CPU
		{1A0B5963-7033-4F6E-9E8A-190452C3449F}.Release|Any CPU.Build.0 = Release|Any CPU
	EndGlobalSection
	GlobalSection(SolutionProperties) = preSolution
		HideSolutionNode = FALSE
	EndGlobalSection
	GlobalSection(ExtensibilityGlobals) = postSolution
		SolutionGuid = {B2CD464C-7C7E-4BDC-9394-467D1A09ED4D}
	EndGlobalSection
EndGlobal
